
Microsoft Visual Studio Solution File, Format Version 12.00
# Visual Studio Version 17
VisualStudioVersion = 17.1.32210.238
MinimumVisualStudioVersion = 10.0.40219.1
Project("{8BC9CEB8-8B4A-11D0-8D11-00A0C91BC942}") = "HW5_1(배열로 구현된 Heap 트리)", "HW5_1(배열로 구현된 Heap 트리)\HW5_1(배열로 구현된 Heap 트리).vcxproj", "{78BFB0B5-34A8-4478-84AA-06D15091F8C8}"
EndProject
Global
	GlobalSection(SolutionConfigurationPlatforms) = preSolution
		Debug|x64 = Debug|x64
		Debug|x86 = Debug|x86
		Release|x64 = Release|x64
		Release|x86 = Release|x86
	EndGlobalSection
	GlobalSection(ProjectConfigurationPlatforms) = postSolution
		{78BFB0B5-34A8-4478-84AA-06D15091F8C8}.Debug|x64.ActiveCfg = Debug|x64
		{78BFB0B5-34A8-4478-84AA-06D15091F8C8}.Debug|x64.Build.0 = Debug|x64
		{78BFB0B5-34A8-4478-84AA-06D15091F8C8}.Debug|x86.ActiveCfg = Debug|Win32
		{78BFB0B5-34A8-4478-84AA-06D15091F8C8}.Debug|x86.Build.0 = Debug|Win32
		{78BFB0B5-34A8-4478-84AA-06D15091F8C8}.Release|x64.ActiveCfg = Release|x64
		{78BFB0B5-34A8-4478-84AA-06D15091F8C8}.Release|x64.Build.0 = Release|x64
		{78BFB0B5-34A8-4478-84AA-06D15091F8C8}.Release|x86.ActiveCfg = Release|Win32
		{78BFB0B5-34A8-4478-84AA-06D15091F8C8}.Release|x86.Build.0 = Release|Win32
	EndGlobalSection
	GlobalSection(SolutionProperties) = preSolution
		HideSolutionNode = FALSE
	EndGlobalSection
	GlobalSection(ExtensibilityGlobals) = postSolution
		SolutionGuid = {649106A9-0DA0-472F-AFA7-7E87BDC2062D}
	EndGlobalSection
EndGlobal
